{
  "name": "swagger2axios",
  "version": "1.0.0",
  "lockfileVersion": 1,
  "requires": true,
  "dependencies": {
    "@types/node": {
      "version": "11.13.8",
      "resolved": "https://registry.npm.taobao.org/@types/node/download/@types/node-11.13.8.tgz?cache=0&other_urls=https%3A%2F%2Fregistry.npm.taobao.org%2F%40types%2Fnode%2Fdownload%2F%40types%2Fnode-11.13.8.tgz",
      "integrity": "sha1-5dcRc8lVM76YQrLHmJePCV+RKqs=",
      "dev": true
    }
  }
}
